
Microsoft Visual Studio Solution File, Format Version 12.00
# Visual Studio Version 17
VisualStudioVersion = 17.0.31903.59
MinimumVisualStudioVersion = 10.0.40219.1
Project("{9A19103F-16F7-4668-BE54-9A1E7A4F7556}") = "Hsc.ApiFramework.Authentication", "..\Hsc.ApiFramework.Authentication\Hsc.ApiFramework.Authentication.csproj", "{F3036FA2-436F-4978-9D7E-7CC0B8DF656A}"
EndProject
Project("{9A19103F-16F7-4668-BE54-9A1E7A4F7556}") = "Hsc.ApiFramework.Configuration", "..\Hsc.ApiFramework.Configuration\Hsc.ApiFramework.Configuration.csproj", "{157B536F-F326-496C-8903-71FE42EC611E}"
EndProject
Project("{9A19103F-16F7-4668-BE54-9A1E7A4F7556}") = "Hsc.ApiFramework.Core", "..\Hsc.ApiFramework.Core\Hsc.ApiFramework.Core.csproj", "{104ACD85-5BE6-40B2-AAB8-86AF71039EC3}"
EndProject
Project("{9A19103F-16F7-4668-BE54-9A1E7A4F7556}") = "Hsc.ApiFramework.Enums", "..\Hsc.ApiFramework.Enums\Hsc.ApiFramework.Enums.csproj", "{695A926C-4980-469E-9183-489155F020DF}"
EndProject
Project("{9A19103F-16F7-4668-BE54-9A1E7A4F7556}") = "Hsc.ApiFramework.Interfaces", "..\Hsc.ApiFramework.Interfaces\Hsc.ApiFramework.Interfaces.csproj", "{B247003A-1F78-4415-ADF8-B13FC2C48ABF}"
EndProject
Project("{9A19103F-16F7-4668-BE54-9A1E7A4F7556}") = "Hsc.ApiFramework.Models", "..\Hsc.ApiFramework.Models\Hsc.ApiFramework.Models.csproj", "{2EA53146-5C86-4A14-A6C9-8BF848F05C83}"
EndProject
Global
	GlobalSection(SolutionConfigurationPlatforms) = preSolution
		Debug|Any CPU = Debug|Any CPU
		Release|Any CPU = Release|Any CPU
	EndGlobalSection
	GlobalSection(ProjectConfigurationPlatforms) = postSolution
		{F3036FA2-436F-4978-9D7E-7CC0B8DF656A}.Debug|Any CPU.ActiveCfg = Debug|Any CPU
		{F3036FA2-436F-4978-9D7E-7CC0B8DF656A}.Debug|Any CPU.Build.0 = Debug|Any CPU
		{F3036FA2-436F-4978-9D7E-7CC0B8DF656A}.Release|Any CPU.ActiveCfg = Release|Any CPU
		{F3036FA2-436F-4978-9D7E-7CC0B8DF656A}.Release|Any CPU.Build.0 = Release|Any CPU
		{157B536F-F326-496C-8903-71FE42EC611E}.Debug|Any CPU.ActiveCfg = Debug|Any CPU
		{157B536F-F326-496C-8903-71FE42EC611E}.Debug|Any CPU.Build.0 = Debug|Any CPU
		{157B536F-F326-496C-8903-71FE42EC611E}.Release|Any CPU.ActiveCfg = Release|Any CPU
		{157B536F-F326-496C-8903-71FE42EC611E}.Release|Any CPU.Build.0 = Release|Any CPU
		{104ACD85-5BE6-40B2-AAB8-86AF71039EC3}.Debug|Any CPU.ActiveCfg = Debug|Any CPU
		{104ACD85-5BE6-40B2-AAB8-86AF71039EC3}.Debug|Any CPU.Build.0 = Debug|Any CPU
		{104ACD85-5BE6-40B2-AAB8-86AF71039EC3}.Release|Any CPU.ActiveCfg = Release|Any CPU
		{104ACD85-5BE6-40B2-AAB8-86AF71039EC3}.Release|Any CPU.Build.0 = Release|Any CPU
		{695A926C-4980-469E-9183-489155F020DF}.Debug|Any CPU.ActiveCfg = Debug|Any CPU
		{695A926C-4980-469E-9183-489155F020DF}.Debug|Any CPU.Build.0 = Debug|Any CPU
		{695A926C-4980-469E-9183-489155F020DF}.Release|Any CPU.ActiveCfg = Release|Any CPU
		{695A926C-4980-469E-9183-489155F020DF}.Release|Any CPU.Build.0 = Release|Any CPU
		{B247003A-1F78-4415-ADF8-B13FC2C48ABF}.Debug|Any CPU.ActiveCfg = Debug|Any CPU
		{B247003A-1F78-4415-ADF8-B13FC2C48ABF}.Debug|Any CPU.Build.0 = Debug|Any CPU
		{B247003A-1F78-4415-ADF8-B13FC2C48ABF}.Release|Any CPU.ActiveCfg = Release|Any CPU
		{B247003A-1F78-4415-ADF8-B13FC2C48ABF}.Release|Any CPU.Build.0 = Release|Any CPU
		{2EA53146-5C86-4A14-A6C9-8BF848F05C83}.Debug|Any CPU.ActiveCfg = Debug|Any CPU
		{2EA53146-5C86-4A14-A6C9-8BF848F05C83}.Debug|Any CPU.Build.0 = Debug|Any CPU
		{2EA53146-5C86-4A14-A6C9-8BF848F05C83}.Release|Any CPU.ActiveCfg = Release|Any CPU
		{2EA53146-5C86-4A14-A6C9-8BF848F05C83}.Release|Any CPU.Build.0 = Release|Any CPU
	EndGlobalSection
	GlobalSection(SolutionProperties) = preSolution
		HideSolutionNode = FALSE
	EndGlobalSection
	GlobalSection(ExtensibilityGlobals) = postSolution
		SolutionGuid = {85FF7476-17AC-42A0-BB69-EF9F8CD8D210}
	EndGlobalSection
EndGlobal
